// !$*UTF8*$!
{
	archiveVersion = 1;
	classes = {
	};
	objectVersion = 77;
	objects = {

/* Begin PBXBuildFile section */
		553F5ED52E25C3FE00E6805B /* snippet-extract in Frameworks */ = {isa = PBXBuildFile; productRef = 553F5ED42E25C3FE00E6805B /* snippet-extract */; };
/* End PBXBuildFile section */

/* Begin PBXContainerItemProxy section */
		553F5EA62E25B5AF00E6805B /* PBXContainerItemProxy */ = {
			isa = PBXContainerItemProxy;
			containerPortal = 553F5E8E2E25B5AD00E6805B /* Project object */;
			proxyType = 1;
			remoteGlobalIDString = 553F5E952E25B5AD00E6805B;
			remoteInfo = Sudoku;
		};
		553F5EB02E25B5AF00E6805B /* PBXContainerItemProxy */ = {
			isa = PBXContainerItemProxy;
			containerPortal = 553F5E8E2E25B5AD00E6805B /* Project object */;
			proxyType = 1;
			remoteGlobalIDString = 553F5E952E25B5AD00E6805B;
			remoteInfo = Sudoku;
		};
/* End PBXContainerItemProxy section */

/* Begin PBXFileReference section */
		553F5E962E25B5AD00E6805B /* Sudoku.app */ = {isa = PBXFileReference; explicitFileType = wrapper.application; includeInIndex = 0; path = Sudoku.app; sourceTree = BUILT_PRODUCTS_DIR; };
		553F5EA52E25B5AF00E6805B /* SudokuTests.xctest */ = {isa = PBXFileReference; explicitFileType = wrapper.cfbundle; includeInIndex = 0; path = SudokuTests.xctest; sourceTree = BUILT_PRODUCTS_DIR; };
		553F5EAF2E25B5AF00E6805B /* SudokuUITests.xctest */ = {isa = PBXFileReference; explicitFileType = wrapper.cfbundle; includeInIndex = 0; path = SudokuUITests.xctest; sourceTree = BUILT_PRODUCTS_DIR; };
		553F5EDA2E25D04700E6805B /* ExportOptions.plist */ = {isa = PBXFileReference; lastKnownFileType = text.plist; path = ExportOptions.plist; sourceTree = "<group>"; };
/* End PBXFileReference section */

/* Begin PBXFileSystemSynchronizedRootGroup section */
		553F5E982E25B5AD00E6805B /* Sudoku */ = {
			isa = PBXFileSystemSynchronizedRootGroup;
			path = Sudoku;
			sourceTree = "<group>";
		};
		553F5EA82E25B5AF00E6805B /* SudokuTests */ = {
			isa = PBXFileSystemSynchronizedRootGroup;
			path = SudokuTests;
			sourceTree = "<group>";
		};
		553F5EB22E25B5AF00E6805B /* SudokuUITests */ = {
			isa = PBXFileSystemSynchronizedRootGroup;
			path = SudokuUITests;
			sourceTree = "<group>";
		};
/* End PBXFileSystemSynchronizedRootGroup section */

/* Begin PBXFrameworksBuildPhase section */
		553F5E932E25B5AD00E6805B /* Frameworks */ = {
			isa = PBXFrameworksBuildPhase;
			buildActionMask = 2147483647;
			files = (
				553F5ED52E25C3FE00E6805B /* snippet-extract in Frameworks */,
			);
			runOnlyForDeploymentPostprocessing = 0;
		};
		553F5EA22E25B5AF00E6805B /* Frameworks */ = {
			isa = PBXFrameworksBuildPhase;
			buildActionMask = 2147483647;
			files = (
			);
			runOnlyForDeploymentPostprocessing = 0;
		};
		553F5EAC2E25B5AF00E6805B /* Frameworks */ = {
			isa = PBXFrameworksBuildPhase;
			buildActionMask = 2147483647;
			files = (
			);
			runOnlyForDeploymentPostprocessing = 0;
		};
/* End PBXFrameworksBuildPhase section */

/* Begin PBXGroup section */
		553F5E8D2E25B5AD00E6805B = {
			isa = PBXGroup;
			children = (
				553F5ED92E25D03C00E6805B /* Support */,
				553F5E982E25B5AD00E6805B /* Sudoku */,
				553F5EA82E25B5AF00E6805B /* SudokuTests */,
				553F5EB22E25B5AF00E6805B /* SudokuUITests */,
				553F5E972E25B5AD00E6805B /* Products */,
			);
			sourceTree = "<group>";
		};
		553F5E972E25B5AD00E6805B /* Products */ = {
			isa = PBXGroup;
			children = (
				553F5E962E25B5AD00E6805B /* Sudoku.app */,
				553F5EA52E25B5AF00E6805B /* SudokuTests.xctest */,
				553F5EAF2E25B5AF00E6805B /* SudokuUITests.xctest */,
			);
			name = Products;
			sourceTree = "<group>";
		};
		553F5ED92E25D03C00E6805B /* Support */ = {
			isa = PBXGroup;
			children = (
				553F5EDA2E25D04700E6805B /* ExportOptions.plist */,
			);
			path = Support;
			sourceTree = "<group>";
		};
/* End PBXGroup section */

/* Begin PBXNativeTarget section */
		553F5E952E25B5AD00E6805B /* Sudoku */ = {
			isa = PBXNativeTarget;
			buildConfigurationList = 553F5EB92E25B5AF00E6805B /* Build configuration list for PBXNativeTarget "Sudoku" */;
			buildPhases = (
				553F5E922E25B5AD00E6805B /* Sources */,
				553F5E932E25B5AD00E6805B /* Frameworks */,
				553F5E942E25B5AD00E6805B /* Resources */,
			);
			buildRules = (
			);
			dependencies = (
				553F5ED22E25BCC900E6805B /* PBXTargetDependency */,
			);
			fileSystemSynchronizedGroups = (
				553F5E982E25B5AD00E6805B /* Sudoku */,
			);
			name = Sudoku;
			packageProductDependencies = (
				553F5ED42E25C3FE00E6805B /* snippet-extract */,
			);
			productName = Sudoku;
			productReference = 553F5E962E25B5AD00E6805B /* Sudoku.app */;
			productType = "com.apple.product-type.application";
		};
		553F5EA42E25B5AF00E6805B /* SudokuTests */ = {
			isa = PBXNativeTarget;
			buildConfigurationList = 553F5EBC2E25B5AF00E6805B /* Build configuration list for PBXNativeTarget "SudokuTests" */;
			buildPhases = (
				553F5EA12E25B5AF00E6805B /* Sources */,
				553F5EA22E25B5AF00E6805B /* Frameworks */,
				553F5EA32E25B5AF00E6805B /* Resources */,
			);
			buildRules = (
			);
			dependencies = (
				553F5EA72E25B5AF00E6805B /* PBXTargetDependency */,
			);
			fileSystemSynchronizedGroups = (
				553F5EA82E25B5AF00E6805B /* SudokuTests */,
			);
			name = SudokuTests;
			packageProductDependencies = (
			);
			productName = SudokuTests;
			productReference = 553F5EA52E25B5AF00E6805B /* SudokuTests.xctest */;
			productType = "com.apple.product-type.bundle.unit-test";
		};
		553F5EAE2E25B5AF00E6805B /* SudokuUITests */ = {
			isa = PBXNativeTarget;
			buildConfigurationList = 553F5EBF2E25B5AF00E6805B /* Build configuration list for PBXNativeTarget "SudokuUITests" */;
			buildPhases = (
				553F5EAB2E25B5AF00E6805B /* Sources */,
				553F5EAC2E25B5AF00E6805B /* Frameworks */,
				553F5EAD2E25B5AF00E6805B /* Resources */,
			);
			buildRules = (
			);
			dependencies = (
				553F5EB12E25B5AF00E6805B /* PBXTargetDependency */,
			);
			fileSystemSynchronizedGroups = (
				553F5EB22E25B5AF00E6805B /* SudokuUITests */,
			);
			name = SudokuUITests;
			packageProductDependencies = (
			);
			productName = SudokuUITests;
			productReference = 553F5EAF2E25B5AF00E6805B /* SudokuUITests.xctest */;
			productType = "com.apple.product-type.bundle.ui-testing";
		};
/* End PBXNativeTarget section */

/* Begin PBXProject section */
		553F5E8E2E25B5AD00E6805B /* Project object */ = {
			isa = PBXProject;
			attributes = {
				BuildIndependentTargetsInParallel = 1;
				LastSwiftUpdateCheck = 1630;
				LastUpgradeCheck = 1630;
				TargetAttributes = {
					553F5E952E25B5AD00E6805B = {
						CreatedOnToolsVersion = 16.3;
					};
					553F5EA42E25B5AF00E6805B = {
						CreatedOnToolsVersion = 16.3;
						TestTargetID = 553F5E952E25B5AD00E6805B;
					};
					553F5EAE2E25B5AF00E6805B = {
						CreatedOnToolsVersion = 16.3;
						TestTargetID = 553F5E952E25B5AD00E6805B;
					};
				};
			};
			buildConfigurationList = 553F5E912E25B5AD00E6805B /* Build configuration list for PBXProject "Sudoku" */;
			developmentRegion = en;
			hasScannedForEncodings = 0;
			knownRegions = (
				en,
				Base,
			);
			mainGroup = 553F5E8D2E25B5AD00E6805B;
			minimizedProjectReferenceProxies = 1;
			packageReferences = (
				553F5ED02E25BC2300E6805B /* XCRemoteSwiftPackageReference "SwiftLintPlugins" */,
				553F5ED32E25C3FE00E6805B /* XCRemoteSwiftPackageReference "swift-docc-plugin" */,
			);
			preferredProjectObjectVersion = 77;
			productRefGroup = 553F5E972E25B5AD00E6805B /* Products */;
			projectDirPath = "";
			projectRoot = "";
			targets = (
				553F5E952E25B5AD00E6805B /* Sudoku */,
				553F5EA42E25B5AF00E6805B /* SudokuTests */,
				553F5EAE2E25B5AF00E6805B /* SudokuUITests */,
			);
		};
/* End PBXProject section */

/* Begin PBXResourcesBuildPhase section */
		553F5E942E25B5AD00E6805B /* Resources */ = {
			isa = PBXResourcesBuildPhase;
			buildActionMask = 2147483647;
			files = (
			);
			runOnlyForDeploymentPostprocessing = 0;
		};
		553F5EA32E25B5AF00E6805B /* Resources */ = {
			isa = PBXResourcesBuildPhase;
			buildActionMask = 2147483647;
			files = (
			);
			runOnlyForDeploymentPostprocessing = 0;
		};
		553F5EAD2E25B5AF00E6805B /* Resources */ = {
			isa = PBXResourcesBuildPhase;
			buildActionMask = 2147483647;
			files = (
			);
			runOnlyForDeploymentPostprocessing = 0;
		};
/* End PBXResourcesBuildPhase section */

/* Begin PBXSourcesBuildPhase section */
		553F5E922E25B5AD00E6805B /* Sources */ = {
			isa = PBXSourcesBuildPhase;
			buildActionMask = 2147483647;
			files = (
			);
			runOnlyForDeploymentPostprocessing = 0;
		};
		553F5EA12E25B5AF00E6805B /* Sources */ = {
			isa = PBXSourcesBuildPhase;
			buildActionMask = 2147483647;
			files = (
			);
			runOnlyForDeploymentPostprocessing = 0;
		};
		553F5EAB2E25B5AF00E6805B /* Sources */ = {
			isa = PBXSourcesBuildPhase;
			buildActionMask = 2147483647;
			files = (
			);
			runOnlyForDeploymentPostprocessing = 0;
		};
/* End PBXSourcesBuildPhase section */

/* Begin PBXTargetDependency section */
		553F5EA72E25B5AF00E6805B /* PBXTargetDependency */ = {
			isa = PBXTargetDependency;
			target = 553F5E952E25B5AD00E6805B /* Sudoku */;
			targetProxy = 553F5EA62E25B5AF00E6805B /* PBXContainerItemProxy */;
		};
		553F5EB12E25B5AF00E6805B /* PBXTargetDependency */ = {
			isa = PBXTargetDependency;
			target = 553F5E952E25B5AD00E6805B /* Sudoku */;
			targetProxy = 553F5EB02E25B5AF00E6805B /* PBXContainerItemProxy */;
		};
		553F5ED22E25BCC900E6805B /* PBXTargetDependency */ = {
			isa = PBXTargetDependency;
			productRef = 553F5ED12E25BCC900E6805B /* SwiftLintBuildToolPlugin */;
		};
/* End PBXTargetDependency section */

/* Begin XCBuildConfiguration section */
		553F5EB72E25B5AF00E6805B /* Debug */ = {
			isa = XCBuildConfiguration;
			buildSettings = {
				ALWAYS_SEARCH_USER_PATHS = NO;
				ASSETCATALOG_COMPILER_GENERATE_SWIFT_ASSET_SYMBOL_EXTENSIONS = YES;
				CLANG_ANALYZER_NONNULL = YES;
				CLANG_ANALYZER_NUMBER_OBJECT_CONVERSION = YES_AGGRESSIVE;
				CLANG_CXX_LANGUAGE_STANDARD = "gnu++20";
				CLANG_ENABLE_MODULES = YES;
				CLANG_ENABLE_OBJC_ARC = YES;
				CLANG_ENABLE_OBJC_WEAK = YES;
				CLANG_WARN_BLOCK_CAPTURE_AUTORELEASING = YES;
				CLANG_WARN_BOOL_CONVERSION = YES;
				CLANG_WARN_COMMA = YES;
				CLANG_WARN_CONSTANT_CONVERSION = YES;
				CLANG_WARN_DEPRECATED_OBJC_IMPLEMENTATIONS = YES;
				CLANG_WARN_DIRECT_OBJC_ISA_USAGE = YES_ERROR;
				CLANG_WARN_DOCUMENTATION_COMMENTS = YES;
				CLANG_WARN_EMPTY_BODY = YES;
				CLANG_WARN_ENUM_CONVERSION = YES;
				CLANG_WARN_INFINITE_RECURSION = YES;
				CLANG_WARN_INT_CONVERSION = YES;
				CLANG_WARN_NON_LITERAL_NULL_CONVERSION = YES;
				CLANG_WARN_OBJC_IMPLICIT_RETAIN_SELF = YES;
				CLANG_WARN_OBJC_LITERAL_CONVERSION = YES;
				CLANG_WARN_OBJC_ROOT_CLASS = YES_ERROR;
				CLANG_WARN_QUOTED_INCLUDE_IN_FRAMEWORK_HEADER = YES;
				CLANG_WARN_RANGE_LOOP_ANALYSIS = YES;
				CLANG_WARN_STRICT_PROTOTYPES = YES;
				CLANG_WARN_SUSPICIOUS_MOVE = YES;
				CLANG_WARN_UNGUARDED_AVAILABILITY = YES_AGGRESSIVE;
				CLANG_WARN_UNREACHABLE_CODE = YES;
				CLANG_WARN__DUPLICATE_METHOD_MATCH = YES;
				COPY_PHASE_STRIP = NO;
				DEBUG_INFORMATION_FORMAT = dwarf;
				ENABLE_STRICT_OBJC_MSGSEND = YES;
				ENABLE_TESTABILITY = YES;
				ENABLE_USER_SCRIPT_SANDBOXING = YES;
				GCC_C_LANGUAGE_STANDARD = gnu17;
				GCC_DYNAMIC_NO_PIC = NO;
				GCC_NO_COMMON_BLOCKS = YES;
				GCC_OPTIMIZATION_LEVEL = 0;
				GCC_PREPROCESSOR_DEFINITIONS = (
					"DEBUG=1",
					"$(inherited)",
				);
				GCC_WARN_64_TO_32_BIT_CONVERSION = YES;
				GCC_WARN_ABOUT_RETURN_TYPE = YES_ERROR;
				GCC_WARN_UNDECLARED_SELECTOR = YES;
				GCC_WARN_UNINITIALIZED_AUTOS = YES_AGGRESSIVE;
				GCC_WARN_UNUSED_FUNCTION = YES;
				GCC_WARN_UNUSED_VARIABLE = YES;
				IPHONEOS_DEPLOYMENT_TARGET = 18.4;
				LOCALIZATION_PREFERS_STRING_CATALOGS = YES;
				MTL_ENABLE_DEBUG_INFO = INCLUDE_SOURCE;
				MTL_FAST_MATH = YES;
				ONLY_ACTIVE_ARCH = YES;
				SDKROOT = iphoneos;
				SWIFT_ACTIVE_COMPILATION_CONDITIONS = "DEBUG $(inherited)";
				SWIFT_OPTIMIZATION_LEVEL = "-Onone";
			};
			name = Debug;
		};
		553F5EB82E25B5AF00E6805B /* Release */ = {
			isa = XCBuildConfiguration;
			buildSettings = {
				ALWAYS_SEARCH_USER_PATHS = NO;
				ASSETCATALOG_COMPILER_GENERATE_SWIFT_ASSET_SYMBOL_EXTENSIONS = YES;
				CLANG_ANALYZER_NONNULL = YES;
				CLANG_ANALYZER_NUMBER_OBJECT_CONVERSION = YES_AGGRESSIVE;
				CLANG_CXX_LANGUAGE_STANDARD = "gnu++20";
				CLANG_ENABLE_MODULES = YES;
				CLANG_ENABLE_OBJC_ARC = YES;
				CLANG_ENABLE_OBJC_WEAK = YES;
				CLANG_WARN_BLOCK_CAPTURE_AUTORELEASING = YES;
				CLANG_WARN_BOOL_CONVERSION = YES;
				CLANG_WARN_COMMA = YES;
				CLANG_WARN_CONSTANT_CONVERSION = YES;
				CLANG_WARN_DEPRECATED_OBJC_IMPLEMENTATIONS = YES;
				CLANG_WARN_DIRECT_OBJC_ISA_USAGE = YES_ERROR;
				CLANG_WARN_DOCUMENTATION_COMMENTS = YES;
				CLANG_WARN_EMPTY_BODY = YES;
				CLANG_WARN_ENUM_CONVERSION = YES;
				CLANG_WARN_INFINITE_RECURSION = YES;
				CLANG_WARN_INT_CONVERSION = YES;
				CLANG_WARN_NON_LITERAL_NULL_CONVERSION = YES;
				CLANG_WARN_OBJC_IMPLICIT_RETAIN_SELF = YES;
				CLANG_WARN_OBJC_LITERAL_CONVERSION = YES;
				CLANG_WARN_OBJC_ROOT_CLASS = YES_ERROR;
				CLANG_WARN_QUOTED_INCLUDE_IN_FRAMEWORK_HEADER = YES;
				CLANG_WARN_RANGE_LOOP_ANALYSIS = YES;
				CLANG_WARN_STRICT_PROTOTYPES = YES;
				CLANG_WARN_SUSPICIOUS_MOVE = YES;
				CLANG_WARN_UNGUARDED_AVAILABILITY = YES_AGGRESSIVE;
				CLANG_WARN_UNREACHABLE_CODE = YES;
				CLANG_WARN__DUPLICATE_METHOD_MATCH = YES;
				COPY_PHASE_STRIP = NO;
				DEBUG_INFORMATION_FORMAT = "dwarf-with-dsym";
				ENABLE_NS_ASSERTIONS = NO;
				ENABLE_STRICT_OBJC_MSGSEND = YES;
				ENABLE_USER_SCRIPT_SANDBOXING = YES;
				GCC_C_LANGUAGE_STANDARD = gnu17;
				GCC_NO_COMMON_BLOCKS = YES;
				GCC_WARN_64_TO_32_BIT_CONVERSION = YES;
				GCC_WARN_ABOUT_RETURN_TYPE = YES_ERROR;
				GCC_WARN_UNDECLARED_SELECTOR = YES;
				GCC_WARN_UNINITIALIZED_AUTOS = YES_AGGRESSIVE;
				GCC_WARN_UNUSED_FUNCTION = YES;
				GCC_WARN_UNUSED_VARIABLE = YES;
				IPHONEOS_DEPLOYMENT_TARGET = 18.4;
				LOCALIZATION_PREFERS_STRING_CATALOGS = YES;
				MTL_ENABLE_DEBUG_INFO = NO;
				MTL_FAST_MATH = YES;
				SDKROOT = iphoneos;
				SWIFT_COMPILATION_MODE = wholemodule;
				VALIDATE_PRODUCT = YES;
			};
			name = Release;
		};
		553F5EBA2E25B5AF00E6805B /* Debug */ = {
			isa = XCBuildConfiguration;
			buildSettings = {
				ASSETCATALOG_COMPILER_APPICON_NAME = AppIcon;
				ASSETCATALOG_COMPILER_GLOBAL_ACCENT_COLOR_NAME = AccentColor;
				CODE_SIGN_STYLE = Automatic;
				CURRENT_PROJECT_VERSION = 1;
				DEVELOPMENT_TEAM = Q4GZ52K957;
				ENABLE_PREVIEWS = YES;
				GENERATE_INFOPLIST_FILE = YES;
				INFOPLIST_KEY_LSApplicationCategoryType = "public.app-category.puzzle-games";
				INFOPLIST_KEY_UIApplicationSceneManifest_Generation = YES;
				INFOPLIST_KEY_UIApplicationSupportsIndirectInputEvents = YES;
				INFOPLIST_KEY_UILaunchScreen_Generation = YES;
				INFOPLIST_KEY_UISupportedInterfaceOrientations_iPad = "UIInterfaceOrientationPortrait UIInterfaceOrientationPortraitUpsideDown UIInterfaceOrientationLandscapeLeft UIInterfaceOrientationLandscapeRight";
				INFOPLIST_KEY_UISupportedInterfaceOrientations_iPhone = "UIInterfaceOrientationPortrait UIInterfaceOrientationLandscapeLeft UIInterfaceOrientationLandscapeRight";
				LD_RUNPATH_SEARCH_PATHS = (
					"$(inherited)",
					"@executable_path/Frameworks",
				);
				MARKETING_VERSION = 1.0;
				PRODUCT_BUNDLE_IDENTIFIER = "moof-software.Sudoku";
				PRODUCT_NAME = "$(TARGET_NAME)";
				SWIFT_EMIT_LOC_STRINGS = YES;
				SWIFT_VERSION = 5.0;
				TARGETED_DEVICE_FAMILY = "1,2";
			};
			name = Debug;
		};
		553F5EBB2E25B5AF00E6805B /* Release */ = {
			isa = XCBuildConfiguration;
			buildSettings = {
				ASSETCATALOG_COMPILER_APPICON_NAME = AppIcon;
				ASSETCATALOG_COMPILER_GLOBAL_ACCENT_COLOR_NAME = AccentColor;
				CODE_SIGN_STYLE = Automatic;
				CURRENT_PROJECT_VERSION = 1;
				DEVELOPMENT_TEAM = Q4GZ52K957;
				ENABLE_PREVIEWS = YES;
				GENERATE_INFOPLIST_FILE = YES;
				INFOPLIST_KEY_LSApplicationCategoryType = "public.app-category.puzzle-games";
				INFOPLIST_KEY_UIApplicationSceneManifest_Generation = YES;
				INFOPLIST_KEY_UIApplicationSupportsIndirectInputEvents = YES;
				INFOPLIST_KEY_UILaunchScreen_Generation = YES;
				INFOPLIST_KEY_UISupportedInterfaceOrientations_iPad = "UIInterfaceOrientationPortrait UIInterfaceOrientationPortraitUpsideDown UIInterfaceOrientationLandscapeLeft UIInterfaceOrientationLandscapeRight";
				INFOPLIST_KEY_UISupportedInterfaceOrientations_iPhone = "UIInterfaceOrientationPortrait UIInterfaceOrientationLandscapeLeft UIInterfaceOrientationLandscapeRight";
				LD_RUNPATH_SEARCH_PATHS = (
					"$(inherited)",
					"@executable_path/Frameworks",
				);
				MARKETING_VERSION = 1.0;
				PRODUCT_BUNDLE_IDENTIFIER = "moof-software.Sudoku";
				PRODUCT_NAME = "$(TARGET_NAME)";
				SWIFT_EMIT_LOC_STRINGS = YES;
				SWIFT_VERSION = 5.0;
				TARGETED_DEVICE_FAMILY = "1,2";
			};
			name = Release;
		};
		553F5EBD2E25B5AF00E6805B /* Debug */ = {
			isa = XCBuildConfiguration;
			buildSettings = {
				BUNDLE_LOADER = "$(TEST_HOST)";
				CODE_SIGN_STYLE = Automatic;
				CURRENT_PROJECT_VERSION = 1;
				GENERATE_INFOPLIST_FILE = YES;
				IPHONEOS_DEPLOYMENT_TARGET = 18.4;
				MARKETING_VERSION = 1.0;
				PRODUCT_BUNDLE_IDENTIFIER = "moof-software.SudokuTests";
				PRODUCT_NAME = "$(TARGET_NAME)";
				SWIFT_EMIT_LOC_STRINGS = NO;
				SWIFT_VERSION = 5.0;
				TARGETED_DEVICE_FAMILY = "1,2";
				TEST_HOST = "$(BUILT_PRODUCTS_DIR)/Sudoku.app/$(BUNDLE_EXECUTABLE_FOLDER_PATH)/Sudoku";
			};
			name = Debug;
		};
		553F5EBE2E25B5AF00E6805B /* Release */ = {
			isa = XCBuildConfiguration;
			buildSettings = {
				BUNDLE_LOADER = "$(TEST_HOST)";
				CODE_SIGN_STYLE = Automatic;
				CURRENT_PROJECT_VERSION = 1;
				GENERATE_INFOPLIST_FILE = YES;
				IPHONEOS_DEPLOYMENT_TARGET = 18.4;
				MARKETING_VERSION = 1.0;
				PRODUCT_BUNDLE_IDENTIFIER = "moof-software.SudokuTests";
				PRODUCT_NAME = "$(TARGET_NAME)";
				SWIFT_EMIT_LOC_STRINGS = NO;
				SWIFT_VERSION = 5.0;
				TARGETED_DEVICE_FAMILY = "1,2";
				TEST_HOST = "$(BUILT_PRODUCTS_DIR)/Sudoku.app/$(BUNDLE_EXECUTABLE_FOLDER_PATH)/Sudoku";
			};
			name = Release;
		};
		553F5EC02E25B5AF00E6805B /* Debug */ = {
			isa = XCBuildConfiguration;
			buildSettings = {
				CODE_SIGN_STYLE = Automatic;
				CURRENT_PROJECT_VERSION = 1;
				GENERATE_INFOPLIST_FILE = YES;
				MARKETING_VERSION = 1.0;
				PRODUCT_BUNDLE_IDENTIFIER = "moof-software.SudokuUITests";
				PRODUCT_NAME = "$(TARGET_NAME)";
				SWIFT_EMIT_LOC_STRINGS = NO;
				SWIFT_VERSION = 5.0;
				TARGETED_DEVICE_FAMILY = "1,2";
				TEST_TARGET_NAME = Sudoku;
			};
			name = Debug;
		};
		553F5EC12E25B5AF00E6805B /* Release */ = {
			isa = XCBuildConfiguration;
			buildSettings = {
				CODE_SIGN_STYLE = Automatic;
				CURRENT_PROJECT_VERSION = 1;
				GENERATE_INFOPLIST_FILE = YES;
				MARKETING_VERSION = 1.0;
				PRODUCT_BUNDLE_IDENTIFIER = "moof-software.SudokuUITests";
				PRODUCT_NAME = "$(TARGET_NAME)";
				SWIFT_EMIT_LOC_STRINGS = NO;
				SWIFT_VERSION = 5.0;
				TARGETED_DEVICE_FAMILY = "1,2";
				TEST_TARGET_NAME = Sudoku;
			};
			name = Release;
		};
/* End XCBuildConfiguration section */

/* Begin XCConfigurationList section */
		553F5E912E25B5AD00E6805B /* Build configuration list for PBXProject "Sudoku" */ = {
			isa = XCConfigurationList;
			buildConfigurations = (
				553F5EB72E25B5AF00E6805B /* Debug */,
				553F5EB82E25B5AF00E6805B /* Release */,
			);
			defaultConfigurationIsVisible = 0;
			defaultConfigurationName = Release;
		};
		553F5EB92E25B5AF00E6805B /* Build configuration list for PBXNativeTarget "Sudoku" */ = {
			isa = XCConfigurationList;
			buildConfigurations = (
				553F5EBA2E25B5AF00E6805B /* Debug */,
				553F5EBB2E25B5AF00E6805B /* Release */,
			);
			defaultConfigurationIsVisible = 0;
			defaultConfigurationName = Release;
		};
		553F5EBC2E25B5AF00E6805B /* Build configuration list for PBXNativeTarget "SudokuTests" */ = {
			isa = XCConfigurationList;
			buildConfigurations = (
				553F5EBD2E25B5AF00E6805B /* Debug */,
				553F5EBE2E25B5AF00E6805B /* Release */,
			);
			defaultConfigurationIsVisible = 0;
			defaultConfigurationName = Release;
		};
		553F5EBF2E25B5AF00E6805B /* Build configuration list for PBXNativeTarget "SudokuUITests" */ = {
			isa = XCConfigurationList;
			buildConfigurations = (
				553F5EC02E25B5AF00E6805B /* Debug */,
				553F5EC12E25B5AF00E6805B /* Release */,
			);
			defaultConfigurationIsVisible = 0;
			defaultConfigurationName = Release;
		};
/* End XCConfigurationList section */

/* Begin XCRemoteSwiftPackageReference section */
		553F5ED02E25BC2300E6805B /* XCRemoteSwiftPackageReference "SwiftLintPlugins" */ = {
			isa = XCRemoteSwiftPackageReference;
			repositoryURL = "https://github.com/SimplyDanny/SwiftLintPlugins";
			requirement = {
				kind = upToNextMajorVersion;
				minimumVersion = 0.59.1;
			};
		};
		553F5ED32E25C3FE00E6805B /* XCRemoteSwiftPackageReference "swift-docc-plugin" */ = {
			isa = XCRemoteSwiftPackageReference;
			repositoryURL = "https://github.com/apple/swift-docc-plugin.git";
			requirement = {
				kind = upToNextMajorVersion;
				minimumVersion = 1.4.5;
			};
		};
/* End XCRemoteSwiftPackageReference section */

/* Begin XCSwiftPackageProductDependency section */
		553F5ED12E25BCC900E6805B /* SwiftLintBuildToolPlugin */ = {
			isa = XCSwiftPackageProductDependency;
			package = 553F5ED02E25BC2300E6805B /* XCRemoteSwiftPackageReference "SwiftLintPlugins" */;
			productName = "plugin:SwiftLintBuildToolPlugin";
		};
		553F5ED42E25C3FE00E6805B /* snippet-extract */ = {
			isa = XCSwiftPackageProductDependency;
			package = 553F5ED32E25C3FE00E6805B /* XCRemoteSwiftPackageReference "swift-docc-plugin" */;
			productName = "snippet-extract";
		};
/* End XCSwiftPackageProductDependency section */
	};
	rootObject = 553F5E8E2E25B5AD00E6805B /* Project object */;
}
